
Microsoft Visual Studio Solution File, Format Version 12.00
# Visual Studio Version 16
VisualStudioVersion = 16.0.29905.134
MinimumVisualStudioVersion = 10.0.40219.1
Project("{8BC9CEB8-8B4A-11D0-8D11-00A0C91BC942}") = "Lot Sizing Math", "Lot Sizing Math.vcxproj", "{AFC86BB9-499B-4437-95E3-4B1082B92157}"
EndProject
Global
	GlobalSection(SolutionConfigurationPlatforms) = preSolution
		Debug|x64 = Debug|x64
		Debug|x86 = Debug|x86
		Release|x64 = Release|x64
		Release|x86 = Release|x86
	EndGlobalSection
	GlobalSection(ProjectConfigurationPlatforms) = postSolution
		{AFC86BB9-499B-4437-95E3-4B1082B92157}.Debug|x64.ActiveCfg = Debug|x64
		{AFC86BB9-499B-4437-95E3-4B1082B92157}.Debug|x64.Build.0 = Debug|x64
		{AFC86BB9-499B-4437-95E3-4B1082B92157}.Debug|x86.ActiveCfg = Debug|Win32
		{AFC86BB9-499B-4437-95E3-4B1082B92157}.Debug|x86.Build.0 = Debug|Win32
		{AFC86BB9-499B-4437-95E3-4B1082B92157}.Release|x64.ActiveCfg = Release|x64
		{AFC86BB9-499B-4437-95E3-4B1082B92157}.Release|x64.Build.0 = Release|x64
		{AFC86BB9-499B-4437-95E3-4B1082B92157}.Release|x86.ActiveCfg = Release|Win32
		{AFC86BB9-499B-4437-95E3-4B1082B92157}.Release|x86.Build.0 = Release|Win32
	EndGlobalSection
	GlobalSection(SolutionProperties) = preSolution
		HideSolutionNode = FALSE
	EndGlobalSection
	GlobalSection(ExtensibilityGlobals) = postSolution
		SolutionGuid = {6568EEEB-F993-4533-A208-FDAA4AD305B5}
	EndGlobalSection
EndGlobal
